<?xml version="1.0" encoding="utf-8"?>
<Project ToolsVersion="17.0" xmlns="http://schemas.microsoft.com/developer/msbuild/2003">
  <ItemGroup>
    <ClCompile Include="C:\Users\Unlovable\Desktop\Reverse_Enginiring\ReverseEngineering_TKI_341\Task-2\buble_sort\buble_sort.cpp">
      <Filter>Source Files</Filter>
    </ClCompile>
  </ItemGroup>
  <ItemGroup>
    <CustomBuild Include="C:\Users\Unlovable\Desktop\Reverse_Enginiring\ReverseEngineering_TKI_341\Task-2\buble_sort\CMakeLists.txt" />
  </ItemGroup>
  <ItemGroup>
    <Filter Include="Source Files">
      <UniqueIdentifier>{1D7F61AF-F146-338A-AFCC-87F0A1E9DBB1}</UniqueIdentifier>
    </Filter>
  </ItemGroup>
</Project>
