<?xml version="1.0" encoding="utf-8"?>
<Project ToolsVersion="17.0" xmlns="http://schemas.microsoft.com/developer/msbuild/2003">
  <ItemGroup>
    <CustomBuild Include="C:\Users\Unlovable\Desktop\Reverse_Enginiring\ReverseEngineering_TKI_341\Task-2\buble_sort\CMakeFiles\1ee8d6408fbaaab0a37a915117fe747c\generate.stamp.rule">
      <Filter>CMake Rules</Filter>
    </CustomBuild>
  </ItemGroup>
  <ItemGroup>
    <Filter Include="CMake Rules">
      <UniqueIdentifier>{8C85A0BE-CFDD-35FB-AC20-600ED461F5D1}</UniqueIdentifier>
    </Filter>
  </ItemGroup>
</Project>
